
Microsoft Visual Studio Solution File, Format Version 12.00
# Visual Studio Version 16
VisualStudioVersion = 16.0.29609.76
MinimumVisualStudioVersion = 10.0.40219.1
Project("{FAE04EC0-301F-11D3-BF4B-00C04F79EFBC}") = "ColorPicker", "ColorPicker.csproj", "{2AA0BB86-F24A-4B99-A7E2-9F15FCA59B0B}"
EndProject
Global
	GlobalSection(SolutionConfigurationPlatforms) = preSolution
		Debug|Any CPU = Debug|Any CPU
		Release|Any CPU = Release|Any CPU
	EndGlobalSection
	GlobalSection(ProjectConfigurationPlatforms) = postSolution
		{2AA0BB86-F24A-4B99-A7E2-9F15FCA59B0B}.Debug|Any CPU.ActiveCfg = Debug|Any CPU
		{2AA0BB86-F24A-4B99-A7E2-9F15FCA59B0B}.Debug|Any CPU.Build.0 = Debug|Any CPU
		{2AA0BB86-F24A-4B99-A7E2-9F15FCA59B0B}.Release|Any CPU.ActiveCfg = Release|Any CPU
		{2AA0BB86-F24A-4B99-A7E2-9F15FCA59B0B}.Release|Any CPU.Build.0 = Release|Any CPU
	EndGlobalSection
	GlobalSection(SolutionProperties) = preSolution
		HideSolutionNode = FALSE
	EndGlobalSection
	GlobalSection(ExtensibilityGlobals) = postSolution
		SolutionGuid = {5B3CDEFD-5FA1-461A-A0BA-AC8ABCAB5B5B}
	EndGlobalSection
EndGlobal
